
Microsoft Visual Studio Solution File, Format Version 12.00
# Visual Studio Version 16
VisualStudioVersion = 16.0.31424.327
MinimumVisualStudioVersion = 10.0.40219.1
Project("{9A19103F-16F7-4668-BE54-9A1E7A4F7556}") = "01.ShieldSPIWriteRead", "ShieldSPIWriteRead\01.ShieldSPIWriteRead.csproj", "{32FCF87B-8662-4FC3-8638-A74F8DE3B541}"
EndProject
Project("{9A19103F-16F7-4668-BE54-9A1E7A4F7556}") = "01.ShieldSPITransferFullDuplex", "ShieldSPITransferFullDuplex\01.ShieldSPITransferFullDuplex.csproj", "{10F745B3-ABDF-4676-AC07-598BDFD946E5}"
EndProject
Project("{9A19103F-16F7-4668-BE54-9A1E7A4F7556}") = "02.RegisterScan", "RegisterScan\02.RegisterScan.csproj", "{FFF7F7AB-0CD2-468A-8BC7-6FBF10AF089F}"
EndProject
Project("{9A19103F-16F7-4668-BE54-9A1E7A4F7556}") = "03.RegisterReadAndWrite", "RegisterReadAndWrite\03.RegisterReadAndWrite.csproj", "{3B83DF6B-D3E2-4A87-A256-BE6B36F23C39}"
EndProject
Project("{9A19103F-16F7-4668-BE54-9A1E7A4F7556}") = "04.TransmitBasic", "TransmitBasic\04.TransmitBasic.csproj", "{2828B1E1-FB03-46D2-BA97-F84276F4FA61}"
EndProject
Project("{FAE04EC0-301F-11D3-BF4B-00C04F79EFBC}") = "ReceiveBasic", "ReceiveBasic\ReceiveBasic.csproj", "{6F88A137-DCAE-431F-9DC5-58B1A9969773}"
EndProject
Global
	GlobalSection(SolutionConfigurationPlatforms) = preSolution
		Debug|Any CPU = Debug|Any CPU
		Release|Any CPU = Release|Any CPU
	EndGlobalSection
	GlobalSection(ProjectConfigurationPlatforms) = postSolution
		{32FCF87B-8662-4FC3-8638-A74F8DE3B541}.Debug|Any CPU.ActiveCfg = Debug|Any CPU
		{32FCF87B-8662-4FC3-8638-A74F8DE3B541}.Debug|Any CPU.Build.0 = Debug|Any CPU
		{32FCF87B-8662-4FC3-8638-A74F8DE3B541}.Release|Any CPU.ActiveCfg = Release|Any CPU
		{32FCF87B-8662-4FC3-8638-A74F8DE3B541}.Release|Any CPU.Build.0 = Release|Any CPU
		{10F745B3-ABDF-4676-AC07-598BDFD946E5}.Debug|Any CPU.ActiveCfg = Debug|Any CPU
		{10F745B3-ABDF-4676-AC07-598BDFD946E5}.Debug|Any CPU.Build.0 = Debug|Any CPU
		{10F745B3-ABDF-4676-AC07-598BDFD946E5}.Release|Any CPU.ActiveCfg = Release|Any CPU
		{10F745B3-ABDF-4676-AC07-598BDFD946E5}.Release|Any CPU.Build.0 = Release|Any CPU
		{FFF7F7AB-0CD2-468A-8BC7-6FBF10AF089F}.Debug|Any CPU.ActiveCfg = Debug|Any CPU
		{FFF7F7AB-0CD2-468A-8BC7-6FBF10AF089F}.Debug|Any CPU.Build.0 = Debug|Any CPU
		{FFF7F7AB-0CD2-468A-8BC7-6FBF10AF089F}.Release|Any CPU.ActiveCfg = Release|Any CPU
		{FFF7F7AB-0CD2-468A-8BC7-6FBF10AF089F}.Release|Any CPU.Build.0 = Release|Any CPU
		{3B83DF6B-D3E2-4A87-A256-BE6B36F23C39}.Debug|Any CPU.ActiveCfg = Debug|Any CPU
		{3B83DF6B-D3E2-4A87-A256-BE6B36F23C39}.Debug|Any CPU.Build.0 = Debug|Any CPU
		{3B83DF6B-D3E2-4A87-A256-BE6B36F23C39}.Release|Any CPU.ActiveCfg = Release|Any CPU
		{3B83DF6B-D3E2-4A87-A256-BE6B36F23C39}.Release|Any CPU.Build.0 = Release|Any CPU
		{2828B1E1-FB03-46D2-BA97-F84276F4FA61}.Debug|Any CPU.ActiveCfg = Debug|Any CPU
		{2828B1E1-FB03-46D2-BA97-F84276F4FA61}.Debug|Any CPU.Build.0 = Debug|Any CPU
		{2828B1E1-FB03-46D2-BA97-F84276F4FA61}.Release|Any CPU.ActiveCfg = Release|Any CPU
		{2828B1E1-FB03-46D2-BA97-F84276F4FA61}.Release|Any CPU.Build.0 = Release|Any CPU
		{6F88A137-DCAE-431F-9DC5-58B1A9969773}.Debug|Any CPU.ActiveCfg = Debug|Any CPU
		{6F88A137-DCAE-431F-9DC5-58B1A9969773}.Debug|Any CPU.Build.0 = Debug|Any CPU
		{6F88A137-DCAE-431F-9DC5-58B1A9969773}.Release|Any CPU.ActiveCfg = Release|Any CPU
		{6F88A137-DCAE-431F-9DC5-58B1A9969773}.Release|Any CPU.Build.0 = Release|Any CPU
	EndGlobalSection
	GlobalSection(SolutionProperties) = preSolution
		HideSolutionNode = FALSE
	EndGlobalSection
	GlobalSection(ExtensibilityGlobals) = postSolution
		SolutionGuid = {8EE6F117-A07F-4C29-93D1-91F964244019}
	EndGlobalSection
EndGlobal
